{
    "name": "mcjson",
    "version": "0.4.1",
    "lockfileVersion": 1,
    "requires": true,
    "dependencies": {
        "minecraft-json-schemas": {
            "version": "git+https://github.com/Levertion/minecraft-json-schemas.git#079d6dc01a92f0ac5605803fdf0eb22296669934",
            "from": "git+https://github.com/Levertion/minecraft-json-schemas.git"
        },
        "prettier": {
            "version": "1.14.3",
            "resolved": "https://registry.npmjs.org/prettier/-/prettier-1.14.3.tgz",
            "integrity": "sha512-qZDVnCrnpsRJJq5nSsiHCE3BYMED2OtsI+cmzIzF1QIfqm5ALf8tEJcO27zV1gKNKRPdhjO0dNWnrzssDQ1tFg==",
            "dev": true
        }
    }
}
